// !$*UTF8*$!
{
	archiveVersion = 1;
	classes = {
	};
	objectVersion = 46;
	objects = {

/* Begin PBXBuildFile section */
		2238F05D1E2EA8790015D567 /* FancyView.swift in Sources */ = {isa = PBXBuildFile; fileRef = 2238F05C1E2EA8790015D567 /* FancyView.swift */; };
		2238F0601E2EA9130015D567 /* Constants.swift in Sources */ = {isa = PBXBuildFile; fileRef = 2238F05F1E2EA9130015D567 /* Constants.swift */; };
		2238F0621E2EAB8C0015D567 /* RoundBtn.swift in Sources */ = {isa = PBXBuildFile; fileRef = 2238F0611E2EAB8C0015D567 /* RoundBtn.swift */; };
		2238F0641E2EAD640015D567 /* FancyField.swift in Sources */ = {isa = PBXBuildFile; fileRef = 2238F0631E2EAD640015D567 /* FancyField.swift */; };
		2238F0661E2EAE980015D567 /* FancyBtn.swift in Sources */ = {isa = PBXBuildFile; fileRef = 2238F0651E2EAE980015D567 /* FancyBtn.swift */; };
		22623DD71E3904CC003473DF /* FeedVC.swift in Sources */ = {isa = PBXBuildFile; fileRef = 22623DD61E3904CC003473DF /* FeedVC.swift */; };
		229042AB1E395575004116AF /* CircleView.swift in Sources */ = {isa = PBXBuildFile; fileRef = 229042AA1E395575004116AF /* CircleView.swift */; };
		22AB38AB1E2D74BD00E59A64 /* AppDelegate.swift in Sources */ = {isa = PBXBuildFile; fileRef = 22AB38AA1E2D74BD00E59A64 /* AppDelegate.swift */; };
		22AB38AD1E2D74BD00E59A64 /* SignInVC.swift in Sources */ = {isa = PBXBuildFile; fileRef = 22AB38AC1E2D74BD00E59A64 /* SignInVC.swift */; };
		22AB38B01E2D74BD00E59A64 /* Main.storyboard in Resources */ = {isa = PBXBuildFile; fileRef = 22AB38AE1E2D74BD00E59A64 /* Main.storyboard */; };
		22AB38B21E2D74BD00E59A64 /* Assets.xcassets in Resources */ = {isa = PBXBuildFile; fileRef = 22AB38B11E2D74BD00E59A64 /* Assets.xcassets */; };
		22AB38B51E2D74BD00E59A64 /* LaunchScreen.storyboard in Resources */ = {isa = PBXBuildFile; fileRef = 22AB38B31E2D74BD00E59A64 /* LaunchScreen.storyboard */; };
		22AB38BD1E2D756300E59A64 /* GoogleService-Info.plist in Resources */ = {isa = PBXBuildFile; fileRef = 22AB38BC1E2D756300E59A64 /* GoogleService-Info.plist */; };
		22FA194B1E3A38BA00092B02 /* PostCell.swift in Sources */ = {isa = PBXBuildFile; fileRef = 22FA194A1E3A38BA00092B02 /* PostCell.swift */; };
		22FA194E1E3A4C0000092B02 /* DataService.swift in Sources */ = {isa = PBXBuildFile; fileRef = 22FA194D1E3A4C0000092B02 /* DataService.swift */; };
		998631FABC25ABFC06215E1D /* Pods_devslopes_social.framework in Frameworks */ = {isa = PBXBuildFile; fileRef = C6116EC699A5DB150E0298F8 /* Pods_devslopes_social.framework */; };
/* End PBXBuildFile section */

/* Begin PBXFileReference section */
		2238F05C1E2EA8790015D567 /* FancyView.swift */ = {isa = PBXFileReference; fileEncoding = 4; lastKnownFileType = sourcecode.swift; path = FancyView.swift; sourceTree = "<group>"; };
		2238F05F1E2EA9130015D567 /* Constants.swift */ = {isa = PBXFileReference; fileEncoding = 4; lastKnownFileType = sourcecode.swift; path = Constants.swift; sourceTree = "<group>"; };
		2238F0611E2EAB8C0015D567 /* RoundBtn.swift */ = {isa = PBXFileReference; fileEncoding = 4; lastKnownFileType = sourcecode.swift; path = RoundBtn.swift; sourceTree = "<group>"; };
		2238F0631E2EAD640015D567 /* FancyField.swift */ = {isa = PBXFileReference; fileEncoding = 4; lastKnownFileType = sourcecode.swift; path = FancyField.swift; sourceTree = "<group>"; };
		2238F0651E2EAE980015D567 /* FancyBtn.swift */ = {isa = PBXFileReference; fileEncoding = 4; lastKnownFileType = sourcecode.swift; path = FancyBtn.swift; sourceTree = "<group>"; };
		22623DD61E3904CC003473DF /* FeedVC.swift */ = {isa = PBXFileReference; fileEncoding = 4; lastKnownFileType = sourcecode.swift; path = FeedVC.swift; sourceTree = "<group>"; };
		229042AA1E395575004116AF /* CircleView.swift */ = {isa = PBXFileReference; fileEncoding = 4; lastKnownFileType = sourcecode.swift; path = CircleView.swift; sourceTree = "<group>"; };
		22AB38A71E2D74BC00E59A64 /* devslopes-social.app */ = {isa = PBXFileReference; explicitFileType = wrapper.application; includeInIndex = 0; path = "devslopes-social.app"; sourceTree = BUILT_PRODUCTS_DIR; };
		22AB38AA1E2D74BD00E59A64 /* AppDelegate.swift */ = {isa = PBXFileReference; lastKnownFileType = sourcecode.swift; path = AppDelegate.swift; sourceTree = "<group>"; };
		22AB38AC1E2D74BD00E59A64 /* SignInVC.swift */ = {isa = PBXFileReference; lastKnownFileType = sourcecode.swift; name = SignInVC.swift; path = "devslopes-social/SignInVC.swift"; sourceTree = "<group>"; };
		22AB38AF1E2D74BD00E59A64 /* Base */ = {isa = PBXFileReference; lastKnownFileType = file.storyboard; name = Base; path = Base.lproj/Main.storyboard; sourceTree = "<group>"; };
		22AB38B11E2D74BD00E59A64 /* Assets.xcassets */ = {isa = PBXFileReference; lastKnownFileType = folder.assetcatalog; path = Assets.xcassets; sourceTree = "<group>"; };
		22AB38B41E2D74BD00E59A64 /* Base */ = {isa = PBXFileReference; lastKnownFileType = file.storyboard; name = Base; path = Base.lproj/LaunchScreen.storyboard; sourceTree = "<group>"; };
		22AB38B61E2D74BD00E59A64 /* Info.plist */ = {isa = PBXFileReference; lastKnownFileType = text.plist.xml; path = Info.plist; sourceTree = "<group>"; };
		22AB38BC1E2D756300E59A64 /* GoogleService-Info.plist */ = {isa = PBXFileReference; fileEncoding = 4; lastKnownFileType = text.plist.xml; path = "GoogleService-Info.plist"; sourceTree = "<group>"; };
		22FA194A1E3A38BA00092B02 /* PostCell.swift */ = {isa = PBXFileReference; fileEncoding = 4; lastKnownFileType = sourcecode.swift; path = PostCell.swift; sourceTree = "<group>"; };
		22FA194D1E3A4C0000092B02 /* DataService.swift */ = {isa = PBXFileReference; fileEncoding = 4; lastKnownFileType = sourcecode.swift; path = DataService.swift; sourceTree = "<group>"; };
		C009E1F7FFE5EDF0587BEF4A /* Pods-devslopes-social.release.xcconfig */ = {isa = PBXFileReference; includeInIndex = 1; lastKnownFileType = text.xcconfig; name = "Pods-devslopes-social.release.xcconfig"; path = "Pods/Target Support Files/Pods-devslopes-social/Pods-devslopes-social.release.xcconfig"; sourceTree = "<group>"; };
		C6116EC699A5DB150E0298F8 /* Pods_devslopes_social.framework */ = {isa = PBXFileReference; explicitFileType = wrapper.framework; includeInIndex = 0; path = Pods_devslopes_social.framework; sourceTree = BUILT_PRODUCTS_DIR; };
		DF6704583DC8E6FBB10176B5 /* Pods-devslopes-social.debug.xcconfig */ = {isa = PBXFileReference; includeInIndex = 1; lastKnownFileType = text.xcconfig; name = "Pods-devslopes-social.debug.xcconfig"; path = "Pods/Target Support Files/Pods-devslopes-social/Pods-devslopes-social.debug.xcconfig"; sourceTree = "<group>"; };
/* End PBXFileReference section */

/* Begin PBXFrameworksBuildPhase section */
		22AB38A41E2D74BC00E59A64 /* Frameworks */ = {
			isa = PBXFrameworksBuildPhase;
			buildActionMask = 2147483647;
			files = (
				998631FABC25ABFC06215E1D /* Pods_devslopes_social.framework in Frameworks */,
			);
			runOnlyForDeploymentPostprocessing = 0;
		};
/* End PBXFrameworksBuildPhase section */

/* Begin PBXGroup section */
		2238F05E1E2EA9010015D567 /* Util */ = {
			isa = PBXGroup;
			children = (
				2238F05F1E2EA9130015D567 /* Constants.swift */,
			);
			name = Util;
			sourceTree = "<group>";
		};
		223AAC5E1E2D77D0004E9140 /* Model */ = {
			isa = PBXGroup;
			children = (
			);
			name = Model;
			path = ..;
			sourceTree = "<group>";
		};
		223AAC5F1E2D77D6004E9140 /* View */ = {
			isa = PBXGroup;
			children = (
				2238F05C1E2EA8790015D567 /* FancyView.swift */,
				2238F0611E2EAB8C0015D567 /* RoundBtn.swift */,
				2238F0631E2EAD640015D567 /* FancyField.swift */,
				2238F0651E2EAE980015D567 /* FancyBtn.swift */,
				229042AA1E395575004116AF /* CircleView.swift */,
				22FA194A1E3A38BA00092B02 /* PostCell.swift */,
			);
			name = View;
			path = ..;
			sourceTree = "<group>";
		};
		223AAC601E2D77DC004E9140 /* Controller */ = {
			isa = PBXGroup;
			children = (
				22AB38AC1E2D74BD00E59A64 /* SignInVC.swift */,
				22623DD61E3904CC003473DF /* FeedVC.swift */,
			);
			name = Controller;
			path = ..;
			sourceTree = "<group>";
		};
		22AB389E1E2D74BC00E59A64 = {
			isa = PBXGroup;
			children = (
				22AB38A91E2D74BC00E59A64 /* devslopes-social */,
				22AB38A81E2D74BC00E59A64 /* Products */,
				6A62DF7D18851C2773C444A4 /* Pods */,
				3DE3A5B7CFCB29C8A57391FC /* Frameworks */,
			);
			sourceTree = "<group>";
		};
		22AB38A81E2D74BC00E59A64 /* Products */ = {
			isa = PBXGroup;
			children = (
				22AB38A71E2D74BC00E59A64 /* devslopes-social.app */,
			);
			name = Products;
			sourceTree = "<group>";
		};
		22AB38A91E2D74BC00E59A64 /* devslopes-social */ = {
			isa = PBXGroup;
			children = (
				22FA194C1E3A4BE600092B02 /* Services */,
				2238F05E1E2EA9010015D567 /* Util */,
				223AAC5E1E2D77D0004E9140 /* Model */,
				223AAC601E2D77DC004E9140 /* Controller */,
				223AAC5F1E2D77D6004E9140 /* View */,
				22AB38BC1E2D756300E59A64 /* GoogleService-Info.plist */,
				22AB38AA1E2D74BD00E59A64 /* AppDelegate.swift */,
				22AB38AE1E2D74BD00E59A64 /* Main.storyboard */,
				22AB38B11E2D74BD00E59A64 /* Assets.xcassets */,
				22AB38B31E2D74BD00E59A64 /* LaunchScreen.storyboard */,
				22AB38B61E2D74BD00E59A64 /* Info.plist */,
			);
			path = "devslopes-social";
			sourceTree = "<group>";
		};
		22FA194C1E3A4BE600092B02 /* Services */ = {
			isa = PBXGroup;
			children = (
				22FA194D1E3A4C0000092B02 /* DataService.swift */,
			);
			name = Services;
			sourceTree = "<group>";
		};
		3DE3A5B7CFCB29C8A57391FC /* Frameworks */ = {
			isa = PBXGroup;
			children = (
				C6116EC699A5DB150E0298F8 /* Pods_devslopes_social.framework */,
			);
			name = Frameworks;
			sourceTree = "<group>";
		};
		6A62DF7D18851C2773C444A4 /* Pods */ = {
			isa = PBXGroup;
			children = (
				DF6704583DC8E6FBB10176B5 /* Pods-devslopes-social.debug.xcconfig */,
				C009E1F7FFE5EDF0587BEF4A /* Pods-devslopes-social.release.xcconfig */,
			);
			name = Pods;
			sourceTree = "<group>";
		};
/* End PBXGroup section */

/* Begin PBXNativeTarget section */
		22AB38A61E2D74BC00E59A64 /* devslopes-social */ = {
			isa = PBXNativeTarget;
			buildConfigurationList = 22AB38B91E2D74BD00E59A64 /* Build configuration list for PBXNativeTarget "devslopes-social" */;
			buildPhases = (
				3B74DA3B1A169F54E156F41F /* [CP] Check Pods Manifest.lock */,
				22AB38A31E2D74BC00E59A64 /* Sources */,
				22AB38A41E2D74BC00E59A64 /* Frameworks */,
				22AB38A51E2D74BC00E59A64 /* Resources */,
				DB24BB7ADD9478E422B825A1 /* [CP] Embed Pods Frameworks */,
				8D3B615B541575994BCDDC9A /* [CP] Copy Pods Resources */,
			);
			buildRules = (
			);
			dependencies = (
			);
			name = "devslopes-social";
			productName = "devslopes-social";
			productReference = 22AB38A71E2D74BC00E59A64 /* devslopes-social.app */;
			productType = "com.apple.product-type.application";
		};
/* End PBXNativeTarget section */

/* Begin PBXProject section */
		22AB389F1E2D74BC00E59A64 /* Project object */ = {
			isa = PBXProject;
			attributes = {
				LastSwiftUpdateCheck = 0820;
				LastUpgradeCheck = 0820;
				ORGANIZATIONNAME = "Michael L Gueterman";
				TargetAttributes = {
					22AB38A61E2D74BC00E59A64 = {
						CreatedOnToolsVersion = 8.2.1;
						DevelopmentTeam = VTF6L78EDV;
						ProvisioningStyle = Automatic;
					};
				};
			};
			buildConfigurationList = 22AB38A21E2D74BC00E59A64 /* Build configuration list for PBXProject "devslopes-social" */;
			compatibilityVersion = "Xcode 3.2";
			developmentRegion = English;
			hasScannedForEncodings = 0;
			knownRegions = (
				en,
				Base,
			);
			mainGroup = 22AB389E1E2D74BC00E59A64;
			productRefGroup = 22AB38A81E2D74BC00E59A64 /* Products */;
			projectDirPath = "";
			projectRoot = "";
			targets = (
				22AB38A61E2D74BC00E59A64 /* devslopes-social */,
			);
		};
/* End PBXProject section */

/* Begin PBXResourcesBuildPhase section */
		22AB38A51E2D74BC00E59A64 /* Resources */ = {
			isa = PBXResourcesBuildPhase;
			buildActionMask = 2147483647;
			files = (
				22AB38B51E2D74BD00E59A64 /* LaunchScreen.storyboard in Resources */,
				22AB38B21E2D74BD00E59A64 /* Assets.xcassets in Resources */,
				22AB38BD1E2D756300E59A64 /* GoogleService-Info.plist in Resources */,
				22AB38B01E2D74BD00E59A64 /* Main.storyboard in Resources */,
			);
			runOnlyForDeploymentPostprocessing = 0;
		};
/* End PBXResourcesBuildPhase section */

/* Begin PBXShellScriptBuildPhase section */
		3B74DA3B1A169F54E156F41F /* [CP] Check Pods Manifest.lock */ = {
			isa = PBXShellScriptBuildPhase;
			buildActionMask = 2147483647;
			files = (
			);
			inputPaths = (
			);
			name = "[CP] Check Pods Manifest.lock";
			outputPaths = (
			);
			runOnlyForDeploymentPostprocessing = 0;
			shellPath = /bin/sh;
			shellScript = "diff \"${PODS_ROOT}/../Podfile.lock\" \"${PODS_ROOT}/Manifest.lock\" > /dev/null\nif [ $? != 0 ] ; then\n    # print error to STDERR\n    echo \"error: The sandbox is not in sync with the Podfile.lock. Run 'pod install' or update your CocoaPods installation.\" >&2\n    exit 1\nfi\n";
			showEnvVarsInLog = 0;
		};
		8D3B615B541575994BCDDC9A /* [CP] Copy Pods Resources */ = {
			isa = PBXShellScriptBuildPhase;
			buildActionMask = 2147483647;
			files = (
			);
			inputPaths = (
			);
			name = "[CP] Copy Pods Resources";
			outputPaths = (
			);
			runOnlyForDeploymentPostprocessing = 0;
			shellPath = /bin/sh;
			shellScript = "\"${SRCROOT}/Pods/Target Support Files/Pods-devslopes-social/Pods-devslopes-social-resources.sh\"\n";
			showEnvVarsInLog = 0;
		};
		DB24BB7ADD9478E422B825A1 /* [CP] Embed Pods Frameworks */ = {
			isa = PBXShellScriptBuildPhase;
			buildActionMask = 2147483647;
			files = (
			);
			inputPaths = (
			);
			name = "[CP] Embed Pods Frameworks";
			outputPaths = (
			);
			runOnlyForDeploymentPostprocessing = 0;
			shellPath = /bin/sh;
			shellScript = "\"${SRCROOT}/Pods/Target Support Files/Pods-devslopes-social/Pods-devslopes-social-frameworks.sh\"\n";
			showEnvVarsInLog = 0;
		};
/* End PBXShellScriptBuildPhase section */

/* Begin PBXSourcesBuildPhase section */
		22AB38A31E2D74BC00E59A64 /* Sources */ = {
			isa = PBXSourcesBuildPhase;
			buildActionMask = 2147483647;
			files = (
				229042AB1E395575004116AF /* CircleView.swift in Sources */,
				2238F0641E2EAD640015D567 /* FancyField.swift in Sources */,
				22AB38AD1E2D74BD00E59A64 /* SignInVC.swift in Sources */,
				2238F0621E2EAB8C0015D567 /* RoundBtn.swift in Sources */,
				22AB38AB1E2D74BD00E59A64 /* AppDelegate.swift in Sources */,
				22FA194E1E3A4C0000092B02 /* DataService.swift in Sources */,
				22623DD71E3904CC003473DF /* FeedVC.swift in Sources */,
				2238F05D1E2EA8790015D567 /* FancyView.swift in Sources */,
				2238F0601E2EA9130015D567 /* Constants.swift in Sources */,
				2238F0661E2EAE980015D567 /* FancyBtn.swift in Sources */,
				22FA194B1E3A38BA00092B02 /* PostCell.swift in Sources */,
			);
			runOnlyForDeploymentPostprocessing = 0;
		};
/* End PBXSourcesBuildPhase section */

/* Begin PBXVariantGroup section */
		22AB38AE1E2D74BD00E59A64 /* Main.storyboard */ = {
			isa = PBXVariantGroup;
			children = (
				22AB38AF1E2D74BD00E59A64 /* Base */,
			);
			name = Main.storyboard;
			sourceTree = "<group>";
		};
		22AB38B31E2D74BD00E59A64 /* LaunchScreen.storyboard */ = {
			isa = PBXVariantGroup;
			children = (
				22AB38B41E2D74BD00E59A64 /* Base */,
			);
			name = LaunchScreen.storyboard;
			sourceTree = "<group>";
		};
/* End PBXVariantGroup section */

/* Begin XCBuildConfiguration section */
		22AB38B71E2D74BD00E59A64 /* Debug */ = {
			isa = XCBuildConfiguration;
			buildSettings = {
				ALWAYS_SEARCH_USER_PATHS = NO;
				CLANG_ANALYZER_NONNULL = YES;
				CLANG_CXX_LANGUAGE_STANDARD = "gnu++0x";
				CLANG_CXX_LIBRARY = "libc++";
				CLANG_ENABLE_MODULES = YES;
				CLANG_ENABLE_OBJC_ARC = YES;
				CLANG_WARN_BOOL_CONVERSION = YES;
				CLANG_WARN_CONSTANT_CONVERSION = YES;
				CLANG_WARN_DIRECT_OBJC_ISA_USAGE = YES_ERROR;
				CLANG_WARN_DOCUMENTATION_COMMENTS = YES;
				CLANG_WARN_EMPTY_BODY = YES;
				CLANG_WARN_ENUM_CONVERSION = YES;
				CLANG_WARN_INFINITE_RECURSION = YES;
				CLANG_WARN_INT_CONVERSION = YES;
				CLANG_WARN_OBJC_ROOT_CLASS = YES_ERROR;
				CLANG_WARN_SUSPICIOUS_MOVE = YES;
				CLANG_WARN_UNREACHABLE_CODE = YES;
				CLANG_WARN__DUPLICATE_METHOD_MATCH = YES;
				"CODE_SIGN_IDENTITY[sdk=iphoneos*]" = "iPhone Developer";
				COPY_PHASE_STRIP = NO;
				DEBUG_INFORMATION_FORMAT = dwarf;
				ENABLE_STRICT_OBJC_MSGSEND = YES;
				ENABLE_TESTABILITY = YES;
				GCC_C_LANGUAGE_STANDARD = gnu99;
				GCC_DYNAMIC_NO_PIC = NO;
				GCC_NO_COMMON_BLOCKS = YES;
				GCC_OPTIMIZATION_LEVEL = 0;
				GCC_PREPROCESSOR_DEFINITIONS = (
					"DEBUG=1",
					"$(inherited)",
				);
				GCC_WARN_64_TO_32_BIT_CONVERSION = YES;
				GCC_WARN_ABOUT_RETURN_TYPE = YES_ERROR;
				GCC_WARN_UNDECLARED_SELECTOR = YES;
				GCC_WARN_UNINITIALIZED_AUTOS = YES_AGGRESSIVE;
				GCC_WARN_UNUSED_FUNCTION = YES;
				GCC_WARN_UNUSED_VARIABLE = YES;
				IPHONEOS_DEPLOYMENT_TARGET = 10.2;
				MTL_ENABLE_DEBUG_INFO = YES;
				ONLY_ACTIVE_ARCH = YES;
				SDKROOT = iphoneos;
				SWIFT_ACTIVE_COMPILATION_CONDITIONS = DEBUG;
				SWIFT_OPTIMIZATION_LEVEL = "-Onone";
				TARGETED_DEVICE_FAMILY = "1,2";
			};
			name = Debug;
		};
		22AB38B81E2D74BD00E59A64 /* Release */ = {
			isa = XCBuildConfiguration;
			buildSettings = {
				ALWAYS_SEARCH_USER_PATHS = NO;
				CLANG_ANALYZER_NONNULL = YES;
				CLANG_CXX_LANGUAGE_STANDARD = "gnu++0x";
				CLANG_CXX_LIBRARY = "libc++";
				CLANG_ENABLE_MODULES = YES;
				CLANG_ENABLE_OBJC_ARC = YES;
				CLANG_WARN_BOOL_CONVERSION = YES;
				CLANG_WARN_CONSTANT_CONVERSION = YES;
				CLANG_WARN_DIRECT_OBJC_ISA_USAGE = YES_ERROR;
				CLANG_WARN_DOCUMENTATION_COMMENTS = YES;
				CLANG_WARN_EMPTY_BODY = YES;
				CLANG_WARN_ENUM_CONVERSION = YES;
				CLANG_WARN_INFINITE_RECURSION = YES;
				CLANG_WARN_INT_CONVERSION = YES;
				CLANG_WARN_OBJC_ROOT_CLASS = YES_ERROR;
				CLANG_WARN_SUSPICIOUS_MOVE = YES;
				CLANG_WARN_UNREACHABLE_CODE = YES;
				CLANG_WARN__DUPLICATE_METHOD_MATCH = YES;
				"CODE_SIGN_IDENTITY[sdk=iphoneos*]" = "iPhone Developer";
				COPY_PHASE_STRIP = NO;
				DEBUG_INFORMATION_FORMAT = "dwarf-with-dsym";
				ENABLE_NS_ASSERTIONS = NO;
				ENABLE_STRICT_OBJC_MSGSEND = YES;
				GCC_C_LANGUAGE_STANDARD = gnu99;
				GCC_NO_COMMON_BLOCKS = YES;
				GCC_WARN_64_TO_32_BIT_CONVERSION = YES;
				GCC_WARN_ABOUT_RETURN_TYPE = YES_ERROR;
				GCC_WARN_UNDECLARED_SELECTOR = YES;
				GCC_WARN_UNINITIALIZED_AUTOS = YES_AGGRESSIVE;
				GCC_WARN_UNUSED_FUNCTION = YES;
				GCC_WARN_UNUSED_VARIABLE = YES;
				IPHONEOS_DEPLOYMENT_TARGET = 10.2;
				MTL_ENABLE_DEBUG_INFO = NO;
				SDKROOT = iphoneos;
				SWIFT_OPTIMIZATION_LEVEL = "-Owholemodule";
				TARGETED_DEVICE_FAMILY = "1,2";
				VALIDATE_PRODUCT = YES;
			};
			name = Release;
		};
		22AB38BA1E2D74BD00E59A64 /* Debug */ = {
			isa = XCBuildConfiguration;
			baseConfigurationReference = DF6704583DC8E6FBB10176B5 /* Pods-devslopes-social.debug.xcconfig */;
			buildSettings = {
				ASSETCATALOG_COMPILER_APPICON_NAME = AppIcon;
				DEVELOPMENT_TEAM = VTF6L78EDV;
				INFOPLIST_FILE = "devslopes-social/Info.plist";
				LD_RUNPATH_SEARCH_PATHS = "$(inherited) @executable_path/Frameworks";
				PRODUCT_BUNDLE_IDENTIFIER = "com.editcorp.devslopes-social";
				PRODUCT_NAME = "$(TARGET_NAME)";
				SWIFT_VERSION = 3.0;
			};
			name = Debug;
		};
		22AB38BB1E2D74BD00E59A64 /* Release */ = {
			isa = XCBuildConfiguration;
			baseConfigurationReference = C009E1F7FFE5EDF0587BEF4A /* Pods-devslopes-social.release.xcconfig */;
			buildSettings = {
				ASSETCATALOG_COMPILER_APPICON_NAME = AppIcon;
				DEVELOPMENT_TEAM = VTF6L78EDV;
				INFOPLIST_FILE = "devslopes-social/Info.plist";
				LD_RUNPATH_SEARCH_PATHS = "$(inherited) @executable_path/Frameworks";
				PRODUCT_BUNDLE_IDENTIFIER = "com.editcorp.devslopes-social";
				PRODUCT_NAME = "$(TARGET_NAME)";
				SWIFT_VERSION = 3.0;
			};
			name = Release;
		};
/* End XCBuildConfiguration section */

/* Begin XCConfigurationList section */
		22AB38A21E2D74BC00E59A64 /* Build configuration list for PBXProject "devslopes-social" */ = {
			isa = XCConfigurationList;
			buildConfigurations = (
				22AB38B71E2D74BD00E59A64 /* Debug */,
				22AB38B81E2D74BD00E59A64 /* Release */,
			);
			defaultConfigurationIsVisible = 0;
			defaultConfigurationName = Release;
		};
		22AB38B91E2D74BD00E59A64 /* Build configuration list for PBXNativeTarget "devslopes-social" */ = {
			isa = XCConfigurationList;
			buildConfigurations = (
				22AB38BA1E2D74BD00E59A64 /* Debug */,
				22AB38BB1E2D74BD00E59A64 /* Release */,
			);
			defaultConfigurationIsVisible = 0;
			defaultConfigurationName = Release;
		};
/* End XCConfigurationList section */
	};
	rootObject = 22AB389F1E2D74BC00E59A64 /* Project object */;
}
